
Microsoft Visual Studio Solution File, Format Version 12.00
# Visual Studio Version 17
VisualStudioVersion = 17.5.33424.131
MinimumVisualStudioVersion = 10.0.40219.1
Project("{FAE04EC0-301F-11D3-BF4B-00C04F79EFBC}") = "CarAPI", "CarAPI\CarAPI.csproj", "{08326650-EB93-458B-A357-CC73F6A1EDF9}"
EndProject
Global
	GlobalSection(SolutionConfigurationPlatforms) = preSolution
		Debug|Any CPU = Debug|Any CPU
		Release|Any CPU = Release|Any CPU
	EndGlobalSection
	GlobalSection(ProjectConfigurationPlatforms) = postSolution
		{08326650-EB93-458B-A357-CC73F6A1EDF9}.Debug|Any CPU.ActiveCfg = Debug|Any CPU
		{08326650-EB93-458B-A357-CC73F6A1EDF9}.Debug|Any CPU.Build.0 = Debug|Any CPU
		{08326650-EB93-458B-A357-CC73F6A1EDF9}.Release|Any CPU.ActiveCfg = Release|Any CPU
		{08326650-EB93-458B-A357-CC73F6A1EDF9}.Release|Any CPU.Build.0 = Release|Any CPU
	EndGlobalSection
	GlobalSection(SolutionProperties) = preSolution
		HideSolutionNode = FALSE
	EndGlobalSection
	GlobalSection(ExtensibilityGlobals) = postSolution
		SolutionGuid = {FC53930F-FD9D-4E9C-9EF8-FA9AACC1C0B1}
	EndGlobalSection
EndGlobal
